
Microsoft Visual Studio Solution File, Format Version 12.00
# Visual Studio Version 17
VisualStudioVersion = 17.5.002.0
MinimumVisualStudioVersion = 10.0.40219.1
Project("{9A19103F-16F7-4668-BE54-9A1E7A4F7556}") = "LabPlatform", "LabPlatform.csproj", "{B82AB631-21BE-441E-B90C-E0B77FD767AF}"
EndProject
Global
	GlobalSection(SolutionConfigurationPlatforms) = preSolution
		Debug|Any CPU = Debug|Any CPU
		Release|Any CPU = Release|Any CPU
	EndGlobalSection
	GlobalSection(ProjectConfigurationPlatforms) = postSolution
		{B82AB631-21BE-441E-B90C-E0B77FD767AF}.Debug|Any CPU.ActiveCfg = Debug|Any CPU
		{B82AB631-21BE-441E-B90C-E0B77FD767AF}.Debug|Any CPU.Build.0 = Debug|Any CPU
		{B82AB631-21BE-441E-B90C-E0B77FD767AF}.Release|Any CPU.ActiveCfg = Release|Any CPU
		{B82AB631-21BE-441E-B90C-E0B77FD767AF}.Release|Any CPU.Build.0 = Release|Any CPU
	EndGlobalSection
	GlobalSection(SolutionProperties) = preSolution
		HideSolutionNode = FALSE
	EndGlobalSection
	GlobalSection(ExtensibilityGlobals) = postSolution
		SolutionGuid = {526500EB-9473-43EA-8D5E-F160D45B0CEF}
	EndGlobalSection
EndGlobal
